// !$*UTF8*$!
{
	archiveVersion = 1;
	classes = {
	};
	objectVersion = 46;
	objects = {

/* Begin PBXBuildFile section */
		AD06DE481BC196CD0080B608 /* Thread.swift in Sources */ = {isa = PBXBuildFile; fileRef = AD06DE471BC196CD0080B608 /* Thread.swift */; };
		AD1F8DA21B8F6B31001A6C52 /* SequenceTBL.swift in Sources */ = {isa = PBXBuildFile; fileRef = AD1F8DA11B8F6B31001A6C52 /* SequenceTBL.swift */; };
		AD1F8DA41B8F7145001A6C52 /* PlayTBL.swift in Sources */ = {isa = PBXBuildFile; fileRef = AD1F8DA31B8F7145001A6C52 /* PlayTBL.swift */; };
		AD1F8DA61B94FD5B001A6C52 /* BallBTN.swift in Sources */ = {isa = PBXBuildFile; fileRef = AD1F8DA51B94FD5B001A6C52 /* BallBTN.swift */; };
		AD1F8DA81B9514BD001A6C52 /* PointBTN.swift in Sources */ = {isa = PBXBuildFile; fileRef = AD1F8DA71B9514BD001A6C52 /* PointBTN.swift */; };
		AD1F8DAA1B96632E001A6C52 /* SubBTN.swift in Sources */ = {isa = PBXBuildFile; fileRef = AD1F8DA91B96632E001A6C52 /* SubBTN.swift */; };
		AD1F8DAF1B991D7D001A6C52 /* FirstDownMKR.swift in Sources */ = {isa = PBXBuildFile; fileRef = AD1F8DAE1B991D7D001A6C52 /* FirstDownMKR.swift */; };
		AD63F54F1BB03CAD00BD6C9D /* Stats.swift in Sources */ = {isa = PBXBuildFile; fileRef = AD63F54E1BB03CAD00BD6C9D /* Stats.swift */; };
		AD6842481BB3B82E007F4319 /* PlayerStats.swift in Sources */ = {isa = PBXBuildFile; fileRef = AD6842471BB3B82E007F4319 /* PlayerStats.swift */; };
		AD68424B1BB3DB56007F4319 /* Score.swift in Sources */ = {isa = PBXBuildFile; fileRef = AD68424A1BB3DB56007F4319 /* Score.swift */; };
		AD6842541BB5A268007F4319 /* StatsDisplay.swift in Sources */ = {isa = PBXBuildFile; fileRef = AD6842521BB5A268007F4319 /* StatsDisplay.swift */; };
		AD6842551BB5A268007F4319 /* StatsDisplay.xib in Resources */ = {isa = PBXBuildFile; fileRef = AD6842531BB5A268007F4319 /* StatsDisplay.xib */; };
		AD6842581BB5A354007F4319 /* PassingTBL.swift in Sources */ = {isa = PBXBuildFile; fileRef = AD6842571BB5A354007F4319 /* PassingTBL.swift */; };
		AD68425B1BB5A46A007F4319 /* PassingCell.swift in Sources */ = {isa = PBXBuildFile; fileRef = AD6842591BB5A46A007F4319 /* PassingCell.swift */; };
		AD68425C1BB5A46A007F4319 /* PassingCell.xib in Resources */ = {isa = PBXBuildFile; fileRef = AD68425A1BB5A46A007F4319 /* PassingCell.xib */; };
		AD68425E1BB5B198007F4319 /* Stat.swift in Sources */ = {isa = PBXBuildFile; fileRef = AD68425D1BB5B198007F4319 /* Stat.swift */; };
		AD68429B1BB809FE007F4319 /* Yardline.swift in Sources */ = {isa = PBXBuildFile; fileRef = AD68429A1BB809FE007F4319 /* Yardline.swift */; };
		AD68429D1BB80A16007F4319 /* TrackerIB.swift in Sources */ = {isa = PBXBuildFile; fileRef = AD68429C1BB80A16007F4319 /* TrackerIB.swift */; };
		AD68429F1BB80C8E007F4319 /* TrackerHelpers.swift in Sources */ = {isa = PBXBuildFile; fileRef = AD68429E1BB80C8E007F4319 /* TrackerHelpers.swift */; };
		AD6842A11BB81301007F4319 /* Enums.swift in Sources */ = {isa = PBXBuildFile; fileRef = AD6842A01BB81301007F4319 /* Enums.swift */; };
		AD6842A31BB8151F007F4319 /* CodeTools.swift in Sources */ = {isa = PBXBuildFile; fileRef = AD6842A21BB8151F007F4319 /* CodeTools.swift */; };
		AD6842A51BB82426007F4319 /* TrackerFunctions.swift in Sources */ = {isa = PBXBuildFile; fileRef = AD6842A41BB82426007F4319 /* TrackerFunctions.swift */; };
		AD6842A71BB829BB007F4319 /* Helpers.swift in Sources */ = {isa = PBXBuildFile; fileRef = AD6842A61BB829BB007F4319 /* Helpers.swift */; };
		AD6842A91BB863B1007F4319 /* DrawButtons.swift in Sources */ = {isa = PBXBuildFile; fileRef = AD6842A81BB863B1007F4319 /* DrawButtons.swift */; };
		AD6842AB1BB863E8007F4319 /* ButtonDragged.swift in Sources */ = {isa = PBXBuildFile; fileRef = AD6842AA1BB863E8007F4319 /* ButtonDragged.swift */; };
		AD6842AD1BB86AE2007F4319 /* Button2Tapped.swift in Sources */ = {isa = PBXBuildFile; fileRef = AD6842AC1BB86AE2007F4319 /* Button2Tapped.swift */; };
		AD6842AF1BB9B923007F4319 /* Penalty2Tapped.swift in Sources */ = {isa = PBXBuildFile; fileRef = AD6842AE1BB9B923007F4319 /* Penalty2Tapped.swift */; };
		AD6842B11BB9CD33007F4319 /* NextFilter.swift in Sources */ = {isa = PBXBuildFile; fileRef = AD6842B01BB9CD33007F4319 /* NextFilter.swift */; };
		AD6842B31BBB291B007F4319 /* GameHelpers.swift in Sources */ = {isa = PBXBuildFile; fileRef = AD6842B21BBB291B007F4319 /* GameHelpers.swift */; };
		AD6842B51BBC4464007F4319 /* TeamHelpers.swift in Sources */ = {isa = PBXBuildFile; fileRef = AD6842B41BBC4464007F4319 /* TeamHelpers.swift */; };
		AD6842B91BBC7A0D007F4319 /* RushingCell.swift in Sources */ = {isa = PBXBuildFile; fileRef = AD6842B71BBC7A0D007F4319 /* RushingCell.swift */; };
		AD6842BA1BBC7A0D007F4319 /* RushingCell.xib in Resources */ = {isa = PBXBuildFile; fileRef = AD6842B81BBC7A0D007F4319 /* RushingCell.xib */; };
		AD6842BC1BBC7D20007F4319 /* RushingTBL.swift in Sources */ = {isa = PBXBuildFile; fileRef = AD6842BB1BBC7D20007F4319 /* RushingTBL.swift */; };
		AD6842C01BBCA734007F4319 /* ReceivingCell.swift in Sources */ = {isa = PBXBuildFile; fileRef = AD6842BE1BBCA734007F4319 /* ReceivingCell.swift */; };
		AD6842C11BBCA734007F4319 /* ReceivingCell.xib in Resources */ = {isa = PBXBuildFile; fileRef = AD6842BF1BBCA734007F4319 /* ReceivingCell.xib */; };
		AD6842C31BBCA754007F4319 /* ReceivingTBL.swift in Sources */ = {isa = PBXBuildFile; fileRef = AD6842C21BBCA754007F4319 /* ReceivingTBL.swift */; };
		AD6842C61BBDE277007F4319 /* PuntReturnTBL.swift in Sources */ = {isa = PBXBuildFile; fileRef = AD6842C51BBDE277007F4319 /* PuntReturnTBL.swift */; };
		AD6842C91BBDE2A6007F4319 /* PuntReturnCell.swift in Sources */ = {isa = PBXBuildFile; fileRef = AD6842C71BBDE2A6007F4319 /* PuntReturnCell.swift */; };
		AD6842CA1BBDE2A6007F4319 /* PuntReturnCell.xib in Resources */ = {isa = PBXBuildFile; fileRef = AD6842C81BBDE2A6007F4319 /* PuntReturnCell.xib */; };
		AD6842CD1BBDFB15007F4319 /* TrackerMPC.swift in Sources */ = {isa = PBXBuildFile; fileRef = AD6842CC1BBDFB15007F4319 /* TrackerMPC.swift */; };
		AD6842D01BBEDDEA007F4319 /* Settings.swift in Sources */ = {isa = PBXBuildFile; fileRef = AD6842CF1BBEDDEA007F4319 /* Settings.swift */; };
		AD6842D41BBEE1BC007F4319 /* DataDisplayFunctions.swift in Sources */ = {isa = PBXBuildFile; fileRef = AD6842D31BBEE1BC007F4319 /* DataDisplayFunctions.swift */; };
		AD6842DE1BBF0FA7007F4319 /* SectionView.swift in Sources */ = {isa = PBXBuildFile; fileRef = AD6842DD1BBF0FA7007F4319 /* SectionView.swift */; };
		AD6842E41BBF1DC0007F4319 /* RunPassBar.swift in Sources */ = {isa = PBXBuildFile; fileRef = AD6842E31BBF1DC0007F4319 /* RunPassBar.swift */; };
		AD879ACB1B8C2979002C96CA /* AppDelegate.swift in Sources */ = {isa = PBXBuildFile; fileRef = AD879ACA1B8C2979002C96CA /* AppDelegate.swift */; };
		AD879ACE1B8C2979002C96CA /* stats_football.xcdatamodeld in Sources */ = {isa = PBXBuildFile; fileRef = AD879ACC1B8C2979002C96CA /* stats_football.xcdatamodeld */; };
		AD879AD01B8C2979002C96CA /* Tracker.swift in Sources */ = {isa = PBXBuildFile; fileRef = AD879ACF1B8C2979002C96CA /* Tracker.swift */; };
		AD879AD31B8C2979002C96CA /* Main.storyboard in Resources */ = {isa = PBXBuildFile; fileRef = AD879AD11B8C2979002C96CA /* Main.storyboard */; };
		AD879AD51B8C2979002C96CA /* Images.xcassets in Resources */ = {isa = PBXBuildFile; fileRef = AD879AD41B8C2979002C96CA /* Images.xcassets */; };
		AD879AD81B8C2979002C96CA /* LaunchScreen.xib in Resources */ = {isa = PBXBuildFile; fileRef = AD879AD61B8C2979002C96CA /* LaunchScreen.xib */; };
		AD879AE41B8C2979002C96CA /* stats_footballTests.swift in Sources */ = {isa = PBXBuildFile; fileRef = AD879AE31B8C2979002C96CA /* stats_footballTests.swift */; };
		AD879B041B8E9E04002C96CA /* Field.swift in Sources */ = {isa = PBXBuildFile; fileRef = AD879B031B8E9E04002C96CA /* Field.swift */; };
		AD879B061B8EBF32002C96CA /* LineMKR.swift in Sources */ = {isa = PBXBuildFile; fileRef = AD879B051B8EBF32002C96CA /* LineMKR.swift */; };
		AD879B091B8EE778002C96CA /* Playlog.swift in Sources */ = {isa = PBXBuildFile; fileRef = AD879B081B8EE778002C96CA /* Playlog.swift */; };
		AD879B0E1B8F1930002C96CA /* PlaykeyTBL.swift in Sources */ = {isa = PBXBuildFile; fileRef = AD879B0D1B8F1930002C96CA /* PlaykeyTBL.swift */; };
		AD895B2C1BAA466200F6F638 /* Penalty.swift in Sources */ = {isa = PBXBuildFile; fileRef = AD895B2B1BAA466200F6F638 /* Penalty.swift */; };
		AD895B2F1BAA4EB200F6F638 /* PenaltyBTN.swift in Sources */ = {isa = PBXBuildFile; fileRef = AD895B2E1BAA4EB200F6F638 /* PenaltyBTN.swift */; };
		AD895B381BAA8AEC00F6F638 /* PlayCell.swift in Sources */ = {isa = PBXBuildFile; fileRef = AD895B361BAA8AEC00F6F638 /* PlayCell.swift */; };
		AD895B391BAA8AEC00F6F638 /* PlayCell.xib in Resources */ = {isa = PBXBuildFile; fileRef = AD895B371BAA8AEC00F6F638 /* PlayCell.xib */; };
		AD895B3D1BAC0DFB00F6F638 /* PenaltyCell.swift in Sources */ = {isa = PBXBuildFile; fileRef = AD895B3B1BAC0DFB00F6F638 /* PenaltyCell.swift */; };
		AD895B3E1BAC0DFB00F6F638 /* PenaltyCell.xib in Resources */ = {isa = PBXBuildFile; fileRef = AD895B3C1BAC0DFB00F6F638 /* PenaltyCell.xib */; };
		AD895B471BAC1F0500F6F638 /* TeamDetail.swift in Sources */ = {isa = PBXBuildFile; fileRef = AD895B451BAC1F0500F6F638 /* TeamDetail.swift */; };
		AD895B481BAC1F0500F6F638 /* TeamDetail.xib in Resources */ = {isa = PBXBuildFile; fileRef = AD895B461BAC1F0500F6F638 /* TeamDetail.xib */; };
		AD895B4B1BAC211B00F6F638 /* PlayerEdit.swift in Sources */ = {isa = PBXBuildFile; fileRef = AD895B491BAC211B00F6F638 /* PlayerEdit.swift */; };
		AD895B4C1BAC211B00F6F638 /* PlayerEdit.xib in Resources */ = {isa = PBXBuildFile; fileRef = AD895B4A1BAC211B00F6F638 /* PlayerEdit.xib */; };
		AD895B6E1BAC4E9300F6F638 /* ColorPicker.swift in Sources */ = {isa = PBXBuildFile; fileRef = AD895B6C1BAC4E9300F6F638 /* ColorPicker.swift */; };
		AD895B6F1BAC4E9300F6F638 /* ColorPicker.xib in Resources */ = {isa = PBXBuildFile; fileRef = AD895B6D1BAC4E9300F6F638 /* ColorPicker.xib */; };
		AD895B721BAE3CF800F6F638 /* MPCManager.swift in Sources */ = {isa = PBXBuildFile; fileRef = AD895B711BAE3CF800F6F638 /* MPCManager.swift */; };
		AD895BA91BAEE22700F6F638 /* DataDisplay.swift in Sources */ = {isa = PBXBuildFile; fileRef = AD895BA71BAEE22700F6F638 /* DataDisplay.swift */; };
		AD895BAA1BAEE22700F6F638 /* DataDisplay.xib in Resources */ = {isa = PBXBuildFile; fileRef = AD895BA81BAEE22700F6F638 /* DataDisplay.xib */; };
		AD895BAE1BAEE26100F6F638 /* PeerPicker.swift in Sources */ = {isa = PBXBuildFile; fileRef = AD895BAC1BAEE26100F6F638 /* PeerPicker.swift */; };
		AD895BAF1BAEE26100F6F638 /* PeerPicker.xib in Resources */ = {isa = PBXBuildFile; fileRef = AD895BAD1BAEE26100F6F638 /* PeerPicker.xib */; };
		ADA927AB1B8F3A1900DA4B8E /* Sequence.swift in Sources */ = {isa = PBXBuildFile; fileRef = ADA927AA1B8F3A1900DA4B8E /* Sequence.swift */; };
		ADB8F9211B9D440D0049BDF0 /* PenaltyMKR.swift in Sources */ = {isa = PBXBuildFile; fileRef = ADB8F9201B9D440D0049BDF0 /* PenaltyMKR.swift */; };
		ADB8F92F1B9D6D500049BDF0 /* PlayPOP.swift in Sources */ = {isa = PBXBuildFile; fileRef = ADB8F92D1B9D6D500049BDF0 /* PlayPOP.swift */; };
		ADB8F9301B9D6D500049BDF0 /* PlayPOP.xib in Resources */ = {isa = PBXBuildFile; fileRef = ADB8F92E1B9D6D500049BDF0 /* PlayPOP.xib */; };
		ADB8F9321B9D6EB10049BDF0 /* PlayNumberSelector.swift in Sources */ = {isa = PBXBuildFile; fileRef = ADB8F9311B9D6EB00049BDF0 /* PlayNumberSelector.swift */; };
		ADB8F9341B9D6F230049BDF0 /* PlayKeySelectorOLD.swift in Sources */ = {isa = PBXBuildFile; fileRef = ADB8F9331B9D6F230049BDF0 /* PlayKeySelectorOLD.swift */; };
		ADB8F9361B9D72B90049BDF0 /* Player.swift in Sources */ = {isa = PBXBuildFile; fileRef = ADB8F9351B9D72B90049BDF0 /* Player.swift */; };
		ADB8F9431B9D95750049BDF0 /* NumberSelector.swift in Sources */ = {isa = PBXBuildFile; fileRef = ADB8F9411B9D95750049BDF0 /* NumberSelector.swift */; };
		ADB8F9441B9D95750049BDF0 /* NumberSelector.xib in Resources */ = {isa = PBXBuildFile; fileRef = ADB8F9421B9D95750049BDF0 /* NumberSelector.xib */; };
		ADB8F9491B9D9A720049BDF0 /* KeySelector.swift in Sources */ = {isa = PBXBuildFile; fileRef = ADB8F9471B9D9A720049BDF0 /* KeySelector.swift */; };
		ADB8F94A1B9D9A720049BDF0 /* KeySelector.xib in Resources */ = {isa = PBXBuildFile; fileRef = ADB8F9481B9D9A720049BDF0 /* KeySelector.xib */; };
		ADB8F94F1BA15C2A0049BDF0 /* Filters.swift in Sources */ = {isa = PBXBuildFile; fileRef = ADB8F94E1BA15C2A0049BDF0 /* Filters.swift */; };
		ADB8F9561BA27ECD0049BDF0 /* MainCTRL.swift in Sources */ = {isa = PBXBuildFile; fileRef = ADB8F9551BA27ECD0049BDF0 /* MainCTRL.swift */; };
		ADB8F9581BA280870049BDF0 /* TeamsTBL.swift in Sources */ = {isa = PBXBuildFile; fileRef = ADB8F9571BA280870049BDF0 /* TeamsTBL.swift */; };
		ADB8F95A1BA281110049BDF0 /* GamesTBL.swift in Sources */ = {isa = PBXBuildFile; fileRef = ADB8F9591BA281110049BDF0 /* GamesTBL.swift */; };
		ADB8F95C1BA2815D0049BDF0 /* DB.swift in Sources */ = {isa = PBXBuildFile; fileRef = ADB8F95B1BA2815D0049BDF0 /* DB.swift */; };
		ADB8F95E1BA28D820049BDF0 /* Loading.swift in Sources */ = {isa = PBXBuildFile; fileRef = ADB8F95D1BA28D820049BDF0 /* Loading.swift */; };
		ADB8F9621BA2935C0049BDF0 /* TeamEdit.swift in Sources */ = {isa = PBXBuildFile; fileRef = ADB8F9601BA2935C0049BDF0 /* TeamEdit.swift */; };
		ADB8F9631BA2935C0049BDF0 /* TeamEdit.xib in Resources */ = {isa = PBXBuildFile; fileRef = ADB8F9611BA2935C0049BDF0 /* TeamEdit.xib */; };
		ADB8F9671BA2D7080049BDF0 /* GameEdit.swift in Sources */ = {isa = PBXBuildFile; fileRef = ADB8F9651BA2D7080049BDF0 /* GameEdit.swift */; };
		ADB8F9681BA2D7080049BDF0 /* GameEdit.xib in Resources */ = {isa = PBXBuildFile; fileRef = ADB8F9661BA2D7080049BDF0 /* GameEdit.xib */; };
		ADBE774A1BA693F70057FD0D /* PenaltyTBL.swift in Sources */ = {isa = PBXBuildFile; fileRef = ADBE77491BA693F70057FD0D /* PenaltyTBL.swift */; };
		ADBE774D1BA7EBB80057FD0D /* Team.swift in Sources */ = {isa = PBXBuildFile; fileRef = ADBE774C1BA7EBB80057FD0D /* Team.swift */; };
		ADBE774F1BA7EE0F0057FD0D /* Game.swift in Sources */ = {isa = PBXBuildFile; fileRef = ADBE774E1BA7EE0F0057FD0D /* Game.swift */; };
		ADBE77511BA7F0720057FD0D /* Play.swift in Sources */ = {isa = PBXBuildFile; fileRef = ADBE77501BA7F0720057FD0D /* Play.swift */; };
		ADFDBA4B1BB152B000F5572D /* SequenceCell.swift in Sources */ = {isa = PBXBuildFile; fileRef = ADFDBA491BB152B000F5572D /* SequenceCell.swift */; };
		ADFDBA4C1BB152B000F5572D /* SequenceCell.xib in Resources */ = {isa = PBXBuildFile; fileRef = ADFDBA4A1BB152B000F5572D /* SequenceCell.xib */; };
		ADFDBA4E1BB24A3600F5572D /* Tracker.xib in Resources */ = {isa = PBXBuildFile; fileRef = ADFDBA4D1BB24A3600F5572D /* Tracker.xib */; };
		B54E3B3AF3B63AEF9BE2BCF5 /* Pods_stats_football.framework in Frameworks */ = {isa = PBXBuildFile; fileRef = 139C0BD1F20EF3EAB56E4E21 /* Pods_stats_football.framework */; settings = {ATTRIBUTES = (Weak, ); }; };
/* End PBXBuildFile section */

/* Begin PBXContainerItemProxy section */
		AD879ADE1B8C2979002C96CA /* PBXContainerItemProxy */ = {
			isa = PBXContainerItemProxy;
			containerPortal = AD879ABD1B8C2979002C96CA /* Project object */;
			proxyType = 1;
			remoteGlobalIDString = AD879AC41B8C2979002C96CA;
			remoteInfo = "stats-football";
		};
/* End PBXContainerItemProxy section */

/* Begin PBXFileReference section */
		139C0BD1F20EF3EAB56E4E21 /* Pods_stats_football.framework */ = {isa = PBXFileReference; explicitFileType = wrapper.framework; includeInIndex = 0; path = Pods_stats_football.framework; sourceTree = BUILT_PRODUCTS_DIR; };
		39D33C1083B8540B6CEB271B /* Pods-stats-football.debug.xcconfig */ = {isa = PBXFileReference; includeInIndex = 1; lastKnownFileType = text.xcconfig; name = "Pods-stats-football.debug.xcconfig"; path = "Pods/Target Support Files/Pods-stats-football/Pods-stats-football.debug.xcconfig"; sourceTree = "<group>"; };
		AD06DE471BC196CD0080B608 /* Thread.swift */ = {isa = PBXFileReference; fileEncoding = 4; lastKnownFileType = sourcecode.swift; path = Thread.swift; sourceTree = "<group>"; };
		AD06DE491BC19E000080B608 /* stats_football_2.xcdatamodel */ = {isa = PBXFileReference; lastKnownFileType = wrapper.xcdatamodel; path = stats_football_2.xcdatamodel; sourceTree = "<group>"; };
		AD1F8DA11B8F6B31001A6C52 /* SequenceTBL.swift */ = {isa = PBXFileReference; fileEncoding = 4; lastKnownFileType = sourcecode.swift; path = SequenceTBL.swift; sourceTree = "<group>"; };
		AD1F8DA31B8F7145001A6C52 /* PlayTBL.swift */ = {isa = PBXFileReference; fileEncoding = 4; lastKnownFileType = sourcecode.swift; path = PlayTBL.swift; sourceTree = "<group>"; };
		AD1F8DA51B94FD5B001A6C52 /* BallBTN.swift */ = {isa = PBXFileReference; fileEncoding = 4; lastKnownFileType = sourcecode.swift; path = BallBTN.swift; sourceTree = "<group>"; };
		AD1F8DA71B9514BD001A6C52 /* PointBTN.swift */ = {isa = PBXFileReference; fileEncoding = 4; lastKnownFileType = sourcecode.swift; path = PointBTN.swift; sourceTree = "<group>"; };
		AD1F8DA91B96632E001A6C52 /* SubBTN.swift */ = {isa = PBXFileReference; fileEncoding = 4; lastKnownFileType = sourcecode.swift; path = SubBTN.swift; sourceTree = "<group>"; };
		AD1F8DAE1B991D7D001A6C52 /* FirstDownMKR.swift */ = {isa = PBXFileReference; fileEncoding = 4; lastKnownFileType = sourcecode.swift; path = FirstDownMKR.swift; sourceTree = "<group>"; };
		AD63F54E1BB03CAD00BD6C9D /* Stats.swift */ = {isa = PBXFileReference; fileEncoding = 4; lastKnownFileType = sourcecode.swift; path = Stats.swift; sourceTree = "<group>"; };
		AD6842471BB3B82E007F4319 /* PlayerStats.swift */ = {isa = PBXFileReference; fileEncoding = 4; lastKnownFileType = sourcecode.swift; path = PlayerStats.swift; sourceTree = "<group>"; };
		AD68424A1BB3DB56007F4319 /* Score.swift */ = {isa = PBXFileReference; fileEncoding = 4; lastKnownFileType = sourcecode.swift; path = Score.swift; sourceTree = "<group>"; };
		AD6842521BB5A268007F4319 /* StatsDisplay.swift */ = {isa = PBXFileReference; fileEncoding = 4; lastKnownFileType = sourcecode.swift; path = StatsDisplay.swift; sourceTree = "<group>"; };
		AD6842531BB5A268007F4319 /* StatsDisplay.xib */ = {isa = PBXFileReference; fileEncoding = 4; lastKnownFileType = file.xib; path = StatsDisplay.xib; sourceTree = "<group>"; };
		AD6842571BB5A354007F4319 /* PassingTBL.swift */ = {isa = PBXFileReference; fileEncoding = 4; lastKnownFileType = sourcecode.swift; path = PassingTBL.swift; sourceTree = "<group>"; };
		AD6842591BB5A46A007F4319 /* PassingCell.swift */ = {isa = PBXFileReference; fileEncoding = 4; lastKnownFileType = sourcecode.swift; path = PassingCell.swift; sourceTree = "<group>"; };
		AD68425A1BB5A46A007F4319 /* PassingCell.xib */ = {isa = PBXFileReference; fileEncoding = 4; lastKnownFileType = file.xib; path = PassingCell.xib; sourceTree = "<group>"; };
		AD68425D1BB5B198007F4319 /* Stat.swift */ = {isa = PBXFileReference; fileEncoding = 4; lastKnownFileType = sourcecode.swift; path = Stat.swift; sourceTree = "<group>"; };
		AD68429A1BB809FE007F4319 /* Yardline.swift */ = {isa = PBXFileReference; fileEncoding = 4; lastKnownFileType = sourcecode.swift; path = Yardline.swift; sourceTree = "<group>"; };
		AD68429C1BB80A16007F4319 /* TrackerIB.swift */ = {isa = PBXFileReference; fileEncoding = 4; lastKnownFileType = sourcecode.swift; path = TrackerIB.swift; sourceTree = "<group>"; };
		AD68429E1BB80C8E007F4319 /* TrackerHelpers.swift */ = {isa = PBXFileReference; fileEncoding = 4; lastKnownFileType = sourcecode.swift; path = TrackerHelpers.swift; sourceTree = "<group>"; };
		AD6842A01BB81301007F4319 /* Enums.swift */ = {isa = PBXFileReference; fileEncoding = 4; lastKnownFileType = sourcecode.swift; path = Enums.swift; sourceTree = "<group>"; };
		AD6842A21BB8151F007F4319 /* CodeTools.swift */ = {isa = PBXFileReference; fileEncoding = 4; lastKnownFileType = sourcecode.swift; path = CodeTools.swift; sourceTree = "<group>"; };
		AD6842A41BB82426007F4319 /* TrackerFunctions.swift */ = {isa = PBXFileReference; fileEncoding = 4; lastKnownFileType = sourcecode.swift; path = TrackerFunctions.swift; sourceTree = "<group>"; };
		AD6842A61BB829BB007F4319 /* Helpers.swift */ = {isa = PBXFileReference; fileEncoding = 4; lastKnownFileType = sourcecode.swift; path = Helpers.swift; sourceTree = "<group>"; };
		AD6842A81BB863B1007F4319 /* DrawButtons.swift */ = {isa = PBXFileReference; fileEncoding = 4; lastKnownFileType = sourcecode.swift; path = DrawButtons.swift; sourceTree = "<group>"; };
		AD6842AA1BB863E8007F4319 /* ButtonDragged.swift */ = {isa = PBXFileReference; fileEncoding = 4; lastKnownFileType = sourcecode.swift; path = ButtonDragged.swift; sourceTree = "<group>"; };
		AD6842AC1BB86AE2007F4319 /* Button2Tapped.swift */ = {isa = PBXFileReference; fileEncoding = 4; lastKnownFileType = sourcecode.swift; path = Button2Tapped.swift; sourceTree = "<group>"; };
		AD6842AE1BB9B923007F4319 /* Penalty2Tapped.swift */ = {isa = PBXFileReference; fileEncoding = 4; lastKnownFileType = sourcecode.swift; path = Penalty2Tapped.swift; sourceTree = "<group>"; };
		AD6842B01BB9CD33007F4319 /* NextFilter.swift */ = {isa = PBXFileReference; fileEncoding = 4; lastKnownFileType = sourcecode.swift; path = NextFilter.swift; sourceTree = "<group>"; };
		AD6842B21BBB291B007F4319 /* GameHelpers.swift */ = {isa = PBXFileReference; fileEncoding = 4; lastKnownFileType = sourcecode.swift; path = GameHelpers.swift; sourceTree = "<group>"; };
		AD6842B41BBC4464007F4319 /* TeamHelpers.swift */ = {isa = PBXFileReference; fileEncoding = 4; lastKnownFileType = sourcecode.swift; path = TeamHelpers.swift; sourceTree = "<group>"; };
		AD6842B71BBC7A0D007F4319 /* RushingCell.swift */ = {isa = PBXFileReference; fileEncoding = 4; lastKnownFileType = sourcecode.swift; path = RushingCell.swift; sourceTree = "<group>"; };
		AD6842B81BBC7A0D007F4319 /* RushingCell.xib */ = {isa = PBXFileReference; fileEncoding = 4; lastKnownFileType = file.xib; path = RushingCell.xib; sourceTree = "<group>"; };
		AD6842BB1BBC7D20007F4319 /* RushingTBL.swift */ = {isa = PBXFileReference; fileEncoding = 4; lastKnownFileType = sourcecode.swift; path = RushingTBL.swift; sourceTree = "<group>"; };
		AD6842BE1BBCA734007F4319 /* ReceivingCell.swift */ = {isa = PBXFileReference; fileEncoding = 4; lastKnownFileType = sourcecode.swift; path = ReceivingCell.swift; sourceTree = "<group>"; };
		AD6842BF1BBCA734007F4319 /* ReceivingCell.xib */ = {isa = PBXFileReference; fileEncoding = 4; lastKnownFileType = file.xib; path = ReceivingCell.xib; sourceTree = "<group>"; };
		AD6842C21BBCA754007F4319 /* ReceivingTBL.swift */ = {isa = PBXFileReference; fileEncoding = 4; lastKnownFileType = sourcecode.swift; path = ReceivingTBL.swift; sourceTree = "<group>"; };
		AD6842C51BBDE277007F4319 /* PuntReturnTBL.swift */ = {isa = PBXFileReference; fileEncoding = 4; lastKnownFileType = sourcecode.swift; path = PuntReturnTBL.swift; sourceTree = "<group>"; };
		AD6842C71BBDE2A6007F4319 /* PuntReturnCell.swift */ = {isa = PBXFileReference; fileEncoding = 4; lastKnownFileType = sourcecode.swift; path = PuntReturnCell.swift; sourceTree = "<group>"; };
		AD6842C81BBDE2A6007F4319 /* PuntReturnCell.xib */ = {isa = PBXFileReference; fileEncoding = 4; lastKnownFileType = file.xib; path = PuntReturnCell.xib; sourceTree = "<group>"; };
		AD6842CC1BBDFB15007F4319 /* TrackerMPC.swift */ = {isa = PBXFileReference; fileEncoding = 4; lastKnownFileType = sourcecode.swift; path = TrackerMPC.swift; sourceTree = "<group>"; };
		AD6842CF1BBEDDEA007F4319 /* Settings.swift */ = {isa = PBXFileReference; fileEncoding = 4; lastKnownFileType = sourcecode.swift; path = Settings.swift; sourceTree = "<group>"; };
		AD6842D31BBEE1BC007F4319 /* DataDisplayFunctions.swift */ = {isa = PBXFileReference; fileEncoding = 4; lastKnownFileType = sourcecode.swift; path = DataDisplayFunctions.swift; sourceTree = "<group>"; };
		AD6842DD1BBF0FA7007F4319 /* SectionView.swift */ = {isa = PBXFileReference; fileEncoding = 4; lastKnownFileType = sourcecode.swift; path = SectionView.swift; sourceTree = "<group>"; };
		AD6842E31BBF1DC0007F4319 /* RunPassBar.swift */ = {isa = PBXFileReference; fileEncoding = 4; lastKnownFileType = sourcecode.swift; path = RunPassBar.swift; sourceTree = "<group>"; };
		AD879AC51B8C2979002C96CA /* stats-football.app */ = {isa = PBXFileReference; explicitFileType = wrapper.application; includeInIndex = 0; path = "stats-football.app"; sourceTree = BUILT_PRODUCTS_DIR; };
		AD879AC91B8C2979002C96CA /* Info.plist */ = {isa = PBXFileReference; lastKnownFileType = text.plist.xml; path = Info.plist; sourceTree = "<group>"; };
		AD879ACA1B8C2979002C96CA /* AppDelegate.swift */ = {isa = PBXFileReference; lastKnownFileType = sourcecode.swift; path = AppDelegate.swift; sourceTree = "<group>"; };
		AD879ACD1B8C2979002C96CA /* stats_football.xcdatamodel */ = {isa = PBXFileReference; lastKnownFileType = wrapper.xcdatamodel; path = stats_football.xcdatamodel; sourceTree = "<group>"; };
		AD879ACF1B8C2979002C96CA /* Tracker.swift */ = {isa = PBXFileReference; lastKnownFileType = sourcecode.swift; path = Tracker.swift; sourceTree = "<group>"; };
		AD879AD21B8C2979002C96CA /* Base */ = {isa = PBXFileReference; lastKnownFileType = file.storyboard; name = Base; path = Base.lproj/Main.storyboard; sourceTree = "<group>"; };
		AD879AD41B8C2979002C96CA /* Images.xcassets */ = {isa = PBXFileReference; lastKnownFileType = folder.assetcatalog; path = Images.xcassets; sourceTree = "<group>"; };
		AD879AD71B8C2979002C96CA /* Base */ = {isa = PBXFileReference; lastKnownFileType = file.xib; name = Base; path = Base.lproj/LaunchScreen.xib; sourceTree = "<group>"; };
		AD879ADD1B8C2979002C96CA /* stats-footballTests.xctest */ = {isa = PBXFileReference; explicitFileType = wrapper.cfbundle; includeInIndex = 0; path = "stats-footballTests.xctest"; sourceTree = BUILT_PRODUCTS_DIR; };
		AD879AE21B8C2979002C96CA /* Info.plist */ = {isa = PBXFileReference; lastKnownFileType = text.plist.xml; path = Info.plist; sourceTree = "<group>"; };
		AD879AE31B8C2979002C96CA /* stats_footballTests.swift */ = {isa = PBXFileReference; lastKnownFileType = sourcecode.swift; path = stats_footballTests.swift; sourceTree = "<group>"; };
		AD879B031B8E9E04002C96CA /* Field.swift */ = {isa = PBXFileReference; fileEncoding = 4; lastKnownFileType = sourcecode.swift; path = Field.swift; sourceTree = "<group>"; };
		AD879B051B8EBF32002C96CA /* LineMKR.swift */ = {isa = PBXFileReference; fileEncoding = 4; lastKnownFileType = sourcecode.swift; path = LineMKR.swift; sourceTree = "<group>"; };
		AD879B081B8EE778002C96CA /* Playlog.swift */ = {isa = PBXFileReference; fileEncoding = 4; lastKnownFileType = sourcecode.swift; path = Playlog.swift; sourceTree = "<group>"; };
		AD879B0D1B8F1930002C96CA /* PlaykeyTBL.swift */ = {isa = PBXFileReference; fileEncoding = 4; lastKnownFileType = sourcecode.swift; path = PlaykeyTBL.swift; sourceTree = "<group>"; };
		AD895B2B1BAA466200F6F638 /* Penalty.swift */ = {isa = PBXFileReference; fileEncoding = 4; lastKnownFileType = sourcecode.swift; path = Penalty.swift; sourceTree = "<group>"; };
		AD895B2E1BAA4EB200F6F638 /* PenaltyBTN.swift */ = {isa = PBXFileReference; fileEncoding = 4; lastKnownFileType = sourcecode.swift; path = PenaltyBTN.swift; sourceTree = "<group>"; };
		AD895B361BAA8AEC00F6F638 /* PlayCell.swift */ = {isa = PBXFileReference; fileEncoding = 4; lastKnownFileType = sourcecode.swift; path = PlayCell.swift; sourceTree = "<group>"; };
		AD895B371BAA8AEC00F6F638 /* PlayCell.xib */ = {isa = PBXFileReference; fileEncoding = 4; lastKnownFileType = file.xib; path = PlayCell.xib; sourceTree = "<group>"; };
		AD895B3B1BAC0DFB00F6F638 /* PenaltyCell.swift */ = {isa = PBXFileReference; fileEncoding = 4; lastKnownFileType = sourcecode.swift; path = PenaltyCell.swift; sourceTree = "<group>"; };
		AD895B3C1BAC0DFB00F6F638 /* PenaltyCell.xib */ = {isa = PBXFileReference; fileEncoding = 4; lastKnownFileType = file.xib; path = PenaltyCell.xib; sourceTree = "<group>"; };
		AD895B451BAC1F0500F6F638 /* TeamDetail.swift */ = {isa = PBXFileReference; fileEncoding = 4; lastKnownFileType = sourcecode.swift; path = TeamDetail.swift; sourceTree = "<group>"; };
		AD895B461BAC1F0500F6F638 /* TeamDetail.xib */ = {isa = PBXFileReference; fileEncoding = 4; lastKnownFileType = file.xib; path = TeamDetail.xib; sourceTree = "<group>"; };
		AD895B491BAC211B00F6F638 /* PlayerEdit.swift */ = {isa = PBXFileReference; fileEncoding = 4; lastKnownFileType = sourcecode.swift; path = PlayerEdit.swift; sourceTree = "<group>"; };
		AD895B4A1BAC211B00F6F638 /* PlayerEdit.xib */ = {isa = PBXFileReference; fileEncoding = 4; lastKnownFileType = file.xib; path = PlayerEdit.xib; sourceTree = "<group>"; };
		AD895B6C1BAC4E9300F6F638 /* ColorPicker.swift */ = {isa = PBXFileReference; fileEncoding = 4; lastKnownFileType = sourcecode.swift; path = ColorPicker.swift; sourceTree = "<group>"; };
		AD895B6D1BAC4E9300F6F638 /* ColorPicker.xib */ = {isa = PBXFileReference; fileEncoding = 4; lastKnownFileType = file.xib; path = ColorPicker.xib; sourceTree = "<group>"; };
		AD895B711BAE3CF800F6F638 /* MPCManager.swift */ = {isa = PBXFileReference; fileEncoding = 4; lastKnownFileType = sourcecode.swift; path = MPCManager.swift; sourceTree = "<group>"; };
		AD895BA71BAEE22700F6F638 /* DataDisplay.swift */ = {isa = PBXFileReference; fileEncoding = 4; lastKnownFileType = sourcecode.swift; path = DataDisplay.swift; sourceTree = "<group>"; };
		AD895BA81BAEE22700F6F638 /* DataDisplay.xib */ = {isa = PBXFileReference; fileEncoding = 4; lastKnownFileType = file.xib; path = DataDisplay.xib; sourceTree = "<group>"; };
		AD895BAC1BAEE26100F6F638 /* PeerPicker.swift */ = {isa = PBXFileReference; fileEncoding = 4; lastKnownFileType = sourcecode.swift; path = PeerPicker.swift; sourceTree = "<group>"; };
		AD895BAD1BAEE26100F6F638 /* PeerPicker.xib */ = {isa = PBXFileReference; fileEncoding = 4; lastKnownFileType = file.xib; path = PeerPicker.xib; sourceTree = "<group>"; };
		ADA927AA1B8F3A1900DA4B8E /* Sequence.swift */ = {isa = PBXFileReference; fileEncoding = 4; lastKnownFileType = sourcecode.swift; path = Sequence.swift; sourceTree = "<group>"; };
		ADB8F9201B9D440D0049BDF0 /* PenaltyMKR.swift */ = {isa = PBXFileReference; fileEncoding = 4; lastKnownFileType = sourcecode.swift; path = PenaltyMKR.swift; sourceTree = "<group>"; };
		ADB8F92D1B9D6D500049BDF0 /* PlayPOP.swift */ = {isa = PBXFileReference; fileEncoding = 4; lastKnownFileType = sourcecode.swift; path = PlayPOP.swift; sourceTree = "<group>"; };
		ADB8F92E1B9D6D500049BDF0 /* PlayPOP.xib */ = {isa = PBXFileReference; fileEncoding = 4; lastKnownFileType = file.xib; path = PlayPOP.xib; sourceTree = "<group>"; };
		ADB8F9311B9D6EB00049BDF0 /* PlayNumberSelector.swift */ = {isa = PBXFileReference; fileEncoding = 4; lastKnownFileType = sourcecode.swift; path = PlayNumberSelector.swift; sourceTree = "<group>"; };
		ADB8F9331B9D6F230049BDF0 /* PlayKeySelectorOLD.swift */ = {isa = PBXFileReference; fileEncoding = 4; lastKnownFileType = sourcecode.swift; path = PlayKeySelectorOLD.swift; sourceTree = "<group>"; };
		ADB8F9351B9D72B90049BDF0 /* Player.swift */ = {isa = PBXFileReference; fileEncoding = 4; lastKnownFileType = sourcecode.swift; path = Player.swift; sourceTree = "<group>"; };
		ADB8F9411B9D95750049BDF0 /* NumberSelector.swift */ = {isa = PBXFileReference; fileEncoding = 4; lastKnownFileType = sourcecode.swift; path = NumberSelector.swift; sourceTree = "<group>"; };
		ADB8F9421B9D95750049BDF0 /* NumberSelector.xib */ = {isa = PBXFileReference; fileEncoding = 4; lastKnownFileType = file.xib; path = NumberSelector.xib; sourceTree = "<group>"; };
		ADB8F9471B9D9A720049BDF0 /* KeySelector.swift */ = {isa = PBXFileReference; fileEncoding = 4; lastKnownFileType = sourcecode.swift; path = KeySelector.swift; sourceTree = "<group>"; };
		ADB8F9481B9D9A720049BDF0 /* KeySelector.xib */ = {isa = PBXFileReference; fileEncoding = 4; lastKnownFileType = file.xib; path = KeySelector.xib; sourceTree = "<group>"; };
		ADB8F94E1BA15C2A0049BDF0 /* Filters.swift */ = {isa = PBXFileReference; fileEncoding = 4; lastKnownFileType = sourcecode.swift; path = Filters.swift; sourceTree = "<group>"; };
		ADB8F9551BA27ECD0049BDF0 /* MainCTRL.swift */ = {isa = PBXFileReference; fileEncoding = 4; lastKnownFileType = sourcecode.swift; path = MainCTRL.swift; sourceTree = "<group>"; };
		ADB8F9571BA280870049BDF0 /* TeamsTBL.swift */ = {isa = PBXFileReference; fileEncoding = 4; lastKnownFileType = sourcecode.swift; path = TeamsTBL.swift; sourceTree = "<group>"; };
		ADB8F9591BA281110049BDF0 /* GamesTBL.swift */ = {isa = PBXFileReference; fileEncoding = 4; lastKnownFileType = sourcecode.swift; path = GamesTBL.swift; sourceTree = "<group>"; };
		ADB8F95B1BA2815D0049BDF0 /* DB.swift */ = {isa = PBXFileReference; fileEncoding = 4; lastKnownFileType = sourcecode.swift; path = DB.swift; sourceTree = "<group>"; };
		ADB8F95D1BA28D820049BDF0 /* Loading.swift */ = {isa = PBXFileReference; fileEncoding = 4; lastKnownFileType = sourcecode.swift; path = Loading.swift; sourceTree = "<group>"; };
		ADB8F9601BA2935C0049BDF0 /* TeamEdit.swift */ = {isa = PBXFileReference; fileEncoding = 4; lastKnownFileType = sourcecode.swift; path = TeamEdit.swift; sourceTree = "<group>"; };
		ADB8F9611BA2935C0049BDF0 /* TeamEdit.xib */ = {isa = PBXFileReference; fileEncoding = 4; lastKnownFileType = file.xib; path = TeamEdit.xib; sourceTree = "<group>"; };
		ADB8F9651BA2D7080049BDF0 /* GameEdit.swift */ = {isa = PBXFileReference; fileEncoding = 4; lastKnownFileType = sourcecode.swift; path = GameEdit.swift; sourceTree = "<group>"; };
		ADB8F9661BA2D7080049BDF0 /* GameEdit.xib */ = {isa = PBXFileReference; fileEncoding = 4; lastKnownFileType = file.xib; path = GameEdit.xib; sourceTree = "<group>"; };
		ADBE77491BA693F70057FD0D /* PenaltyTBL.swift */ = {isa = PBXFileReference; fileEncoding = 4; lastKnownFileType = sourcecode.swift; path = PenaltyTBL.swift; sourceTree = "<group>"; };
		ADBE774C1BA7EBB80057FD0D /* Team.swift */ = {isa = PBXFileReference; fileEncoding = 4; lastKnownFileType = sourcecode.swift; path = Team.swift; sourceTree = "<group>"; };
		ADBE774E1BA7EE0F0057FD0D /* Game.swift */ = {isa = PBXFileReference; fileEncoding = 4; lastKnownFileType = sourcecode.swift; path = Game.swift; sourceTree = "<group>"; };
		ADBE77501BA7F0720057FD0D /* Play.swift */ = {isa = PBXFileReference; fileEncoding = 4; lastKnownFileType = sourcecode.swift; path = Play.swift; sourceTree = "<group>"; };
		ADFDBA491BB152B000F5572D /* SequenceCell.swift */ = {isa = PBXFileReference; fileEncoding = 4; lastKnownFileType = sourcecode.swift; path = SequenceCell.swift; sourceTree = "<group>"; };
		ADFDBA4A1BB152B000F5572D /* SequenceCell.xib */ = {isa = PBXFileReference; fileEncoding = 4; lastKnownFileType = file.xib; path = SequenceCell.xib; sourceTree = "<group>"; };
		ADFDBA4D1BB24A3600F5572D /* Tracker.xib */ = {isa = PBXFileReference; fileEncoding = 4; lastKnownFileType = file.xib; path = Tracker.xib; sourceTree = "<group>"; };
		CC07A1E0985B5649009E1AAC /* Pods-stats-football.release.xcconfig */ = {isa = PBXFileReference; includeInIndex = 1; lastKnownFileType = text.xcconfig; name = "Pods-stats-football.release.xcconfig"; path = "Pods/Target Support Files/Pods-stats-football/Pods-stats-football.release.xcconfig"; sourceTree = "<group>"; };
/* End PBXFileReference section */

/* Begin PBXFrameworksBuildPhase section */
		AD879AC21B8C2979002C96CA /* Frameworks */ = {
			isa = PBXFrameworksBuildPhase;
			buildActionMask = 2147483647;
			files = (
				B54E3B3AF3B63AEF9BE2BCF5 /* Pods_stats_football.framework in Frameworks */,
			);
			runOnlyForDeploymentPostprocessing = 0;
		};
		AD879ADA1B8C2979002C96CA /* Frameworks */ = {
			isa = PBXFrameworksBuildPhase;
			buildActionMask = 2147483647;
			files = (
			);
			runOnlyForDeploymentPostprocessing = 0;
		};
/* End PBXFrameworksBuildPhase section */

/* Begin PBXGroup section */
		AD1F8DAB1B990272001A6C52 /* Filters */ = {
			isa = PBXGroup;
			children = (
				AD6842B01BB9CD33007F4319 /* NextFilter.swift */,
				ADB8F94E1BA15C2A0049BDF0 /* Filters.swift */,
				AD68424A1BB3DB56007F4319 /* Score.swift */,
			);
			name = Filters;
			sourceTree = "<group>";
		};
		AD63F54D1BB03C9800BD6C9D /* Stats */ = {
			isa = PBXGroup;
			children = (
				AD6842511BB5A247007F4319 /* Display */,
				AD63F54E1BB03CAD00BD6C9D /* Stats.swift */,
				AD6842471BB3B82E007F4319 /* PlayerStats.swift */,
				AD68425D1BB5B198007F4319 /* Stat.swift */,
			);
			name = Stats;
			sourceTree = "<group>";
		};
		AD6842491BB3D926007F4319 /* Stats */ = {
			isa = PBXGroup;
			children = (
			);
			name = Stats;
			sourceTree = "<group>";
		};
		AD6842511BB5A247007F4319 /* Display */ = {
			isa = PBXGroup;
			children = (
				AD6842C41BBDE265007F4319 /* Returns */,
				AD6842BD1BBCA71E007F4319 /* Receiving */,
				AD6842B61BBC79ED007F4319 /* Rushing */,
				AD6842561BB5A339007F4319 /* Passing */,
				AD6842521BB5A268007F4319 /* StatsDisplay.swift */,
				AD6842531BB5A268007F4319 /* StatsDisplay.xib */,
			);
			name = Display;
			sourceTree = "<group>";
		};
		AD6842561BB5A339007F4319 /* Passing */ = {
			isa = PBXGroup;
			children = (
				AD6842571BB5A354007F4319 /* PassingTBL.swift */,
				AD6842591BB5A46A007F4319 /* PassingCell.swift */,
				AD68425A1BB5A46A007F4319 /* PassingCell.xib */,
			);
			name = Passing;
			sourceTree = "<group>";
		};
		AD6842991BB809F1007F4319 /* Objects */ = {
			isa = PBXGroup;
			children = (
				AD68429A1BB809FE007F4319 /* Yardline.swift */,
				AD6842A01BB81301007F4319 /* Enums.swift */,
			);
			name = Objects;
			sourceTree = "<group>";
		};
		AD6842B61BBC79ED007F4319 /* Rushing */ = {
			isa = PBXGroup;
			children = (
				AD6842BB1BBC7D20007F4319 /* RushingTBL.swift */,
				AD6842B71BBC7A0D007F4319 /* RushingCell.swift */,
				AD6842B81BBC7A0D007F4319 /* RushingCell.xib */,
			);
			name = Rushing;
			sourceTree = "<group>";
		};
		AD6842BD1BBCA71E007F4319 /* Receiving */ = {
			isa = PBXGroup;
			children = (
				AD6842C21BBCA754007F4319 /* ReceivingTBL.swift */,
				AD6842BE1BBCA734007F4319 /* ReceivingCell.swift */,
				AD6842BF1BBCA734007F4319 /* ReceivingCell.xib */,
			);
			name = Receiving;
			sourceTree = "<group>";
		};
		AD6842C41BBDE265007F4319 /* Returns */ = {
			isa = PBXGroup;
			children = (
				AD6842C51BBDE277007F4319 /* PuntReturnTBL.swift */,
				AD6842C71BBDE2A6007F4319 /* PuntReturnCell.swift */,
				AD6842C81BBDE2A6007F4319 /* PuntReturnCell.xib */,
			);
			name = Returns;
			sourceTree = "<group>";
		};
		AD6842CE1BBEDDDB007F4319 /* Settings */ = {
			isa = PBXGroup;
			children = (
				AD6842CF1BBEDDEA007F4319 /* Settings.swift */,
			);
			name = Settings;
			sourceTree = "<group>";
		};
		AD879ABC1B8C2979002C96CA = {
			isa = PBXGroup;
			children = (
				AD879AC71B8C2979002C96CA /* stats-football */,
				AD879AE01B8C2979002C96CA /* stats-footballTests */,
				AD879AC61B8C2979002C96CA /* Products */,
				EADBDD7131EBF9B8ED736B23 /* Pods */,
				F95AA160E23759974BF85916 /* Frameworks */,
			);
			sourceTree = "<group>";
		};
		AD879AC61B8C2979002C96CA /* Products */ = {
			isa = PBXGroup;
			children = (
				AD879AC51B8C2979002C96CA /* stats-football.app */,
				AD879ADD1B8C2979002C96CA /* stats-footballTests.xctest */,
			);
			name = Products;
			sourceTree = "<group>";
		};
		AD879AC71B8C2979002C96CA /* stats-football */ = {
			isa = PBXGroup;
			children = (
				AD6842CE1BBEDDDB007F4319 /* Settings */,
				AD6842991BB809F1007F4319 /* Objects */,
				AD63F54D1BB03C9800BD6C9D /* Stats */,
				AD895B701BAE3CE900F6F638 /* Multi-Peer */,
				AD895B2D1BAA4E9900F6F638 /* Buttons */,
				ADBE774B1BA7CEA60057FD0D /* DB */,
				ADB8F94B1BA135F10049BDF0 /* Tools */,
				AD1F8DAB1B990272001A6C52 /* Filters */,
				ADA927A91B8F3A0400DA4B8E /* LogTables */,
				AD879B0C1B8F191E002C96CA /* Playkey */,
				AD879B071B8EE76C002C96CA /* Playlog */,
				ADB8F9221B9D5D9D0049BDF0 /* Popovers */,
				AD879B021B8E9DED002C96CA /* Field */,
				ADB8F9451B9D996B0049BDF0 /* Components */,
				AD879AED1B8D4AE7002C96CA /* Tracker */,
				ADB8F9541BA27EB60049BDF0 /* Main */,
				AD879ACA1B8C2979002C96CA /* AppDelegate.swift */,
				AD879AD11B8C2979002C96CA /* Main.storyboard */,
				AD879AD41B8C2979002C96CA /* Images.xcassets */,
				AD879AD61B8C2979002C96CA /* LaunchScreen.xib */,
				AD879ACC1B8C2979002C96CA /* stats_football.xcdatamodeld */,
				AD879AC81B8C2979002C96CA /* Supporting Files */,
			);
			path = "stats-football";
			sourceTree = "<group>";
		};
		AD879AC81B8C2979002C96CA /* Supporting Files */ = {
			isa = PBXGroup;
			children = (
				AD879AC91B8C2979002C96CA /* Info.plist */,
			);
			name = "Supporting Files";
			sourceTree = "<group>";
		};
		AD879AE01B8C2979002C96CA /* stats-footballTests */ = {
			isa = PBXGroup;
			children = (
				AD879AE31B8C2979002C96CA /* stats_footballTests.swift */,
				AD879AE11B8C2979002C96CA /* Supporting Files */,
			);
			path = "stats-footballTests";
			sourceTree = "<group>";
		};
		AD879AE11B8C2979002C96CA /* Supporting Files */ = {
			isa = PBXGroup;
			children = (
				AD879AE21B8C2979002C96CA /* Info.plist */,
			);
			name = "Supporting Files";
			sourceTree = "<group>";
		};
		AD879AED1B8D4AE7002C96CA /* Tracker */ = {
			isa = PBXGroup;
			children = (
				AD879ACF1B8C2979002C96CA /* Tracker.swift */,
				AD68429C1BB80A16007F4319 /* TrackerIB.swift */,
				AD6842A41BB82426007F4319 /* TrackerFunctions.swift */,
				AD68429E1BB80C8E007F4319 /* TrackerHelpers.swift */,
				AD6842CC1BBDFB15007F4319 /* TrackerMPC.swift */,
				AD6842A81BB863B1007F4319 /* DrawButtons.swift */,
				AD6842AA1BB863E8007F4319 /* ButtonDragged.swift */,
				AD6842AC1BB86AE2007F4319 /* Button2Tapped.swift */,
				AD6842AE1BB9B923007F4319 /* Penalty2Tapped.swift */,
				ADFDBA4D1BB24A3600F5572D /* Tracker.xib */,
			);
			name = Tracker;
			sourceTree = "<group>";
		};
		AD879AFB1B8D5A63002C96CA /* NumberSelector */ = {
			isa = PBXGroup;
			children = (
				ADB8F9411B9D95750049BDF0 /* NumberSelector.swift */,
				ADB8F9421B9D95750049BDF0 /* NumberSelector.xib */,
			);
			name = NumberSelector;
			sourceTree = "<group>";
		};
		AD879B021B8E9DED002C96CA /* Field */ = {
			isa = PBXGroup;
			children = (
				AD879B031B8E9E04002C96CA /* Field.swift */,
				AD879B051B8EBF32002C96CA /* LineMKR.swift */,
				AD1F8DAE1B991D7D001A6C52 /* FirstDownMKR.swift */,
				AD1F8DA51B94FD5B001A6C52 /* BallBTN.swift */,
				AD1F8DA71B9514BD001A6C52 /* PointBTN.swift */,
				AD1F8DA91B96632E001A6C52 /* SubBTN.swift */,
				ADB8F9201B9D440D0049BDF0 /* PenaltyMKR.swift */,
			);
			name = Field;
			sourceTree = "<group>";
		};
		AD879B071B8EE76C002C96CA /* Playlog */ = {
			isa = PBXGroup;
			children = (
				AD879B081B8EE778002C96CA /* Playlog.swift */,
			);
			name = Playlog;
			sourceTree = "<group>";
		};
		AD879B0C1B8F191E002C96CA /* Playkey */ = {
			isa = PBXGroup;
			children = (
				AD879B0D1B8F1930002C96CA /* PlaykeyTBL.swift */,
			);
			name = Playkey;
			sourceTree = "<group>";
		};
		AD895B2D1BAA4E9900F6F638 /* Buttons */ = {
			isa = PBXGroup;
			children = (
				AD895B2E1BAA4EB200F6F638 /* PenaltyBTN.swift */,
			);
			name = Buttons;
			sourceTree = "<group>";
		};
		AD895B301BAA666C00F6F638 /* Sequence */ = {
			isa = PBXGroup;
			children = (
				AD1F8DA11B8F6B31001A6C52 /* SequenceTBL.swift */,
				ADFDBA491BB152B000F5572D /* SequenceCell.swift */,
				ADFDBA4A1BB152B000F5572D /* SequenceCell.xib */,
			);
			name = Sequence;
			sourceTree = "<group>";
		};
		AD895B351BAA8AD200F6F638 /* Plays */ = {
			isa = PBXGroup;
			children = (
				AD1F8DA31B8F7145001A6C52 /* PlayTBL.swift */,
				AD895B361BAA8AEC00F6F638 /* PlayCell.swift */,
				AD895B371BAA8AEC00F6F638 /* PlayCell.xib */,
			);
			name = Plays;
			sourceTree = "<group>";
		};
		AD895B3A1BAC0DD200F6F638 /* Penalties */ = {
			isa = PBXGroup;
			children = (
				ADBE77491BA693F70057FD0D /* PenaltyTBL.swift */,
				AD895B3B1BAC0DFB00F6F638 /* PenaltyCell.swift */,
				AD895B3C1BAC0DFB00F6F638 /* PenaltyCell.xib */,
			);
			name = Penalties;
			sourceTree = "<group>";
		};
		AD895B3F1BAC1E8300F6F638 /* Teams */ = {
			isa = PBXGroup;
			children = (
				ADB8F9571BA280870049BDF0 /* TeamsTBL.swift */,
				AD895B451BAC1F0500F6F638 /* TeamDetail.swift */,
				AD895B461BAC1F0500F6F638 /* TeamDetail.xib */,
				AD895B491BAC211B00F6F638 /* PlayerEdit.swift */,
				AD895B4A1BAC211B00F6F638 /* PlayerEdit.xib */,
			);
			name = Teams;
			sourceTree = "<group>";
		};
		AD895B401BAC1E8D00F6F638 /* Games */ = {
			isa = PBXGroup;
			children = (
				ADB8F9591BA281110049BDF0 /* GamesTBL.swift */,
			);
			name = Games;
			sourceTree = "<group>";
		};
		AD895B6B1BAC4E7D00F6F638 /* ColorPicker */ = {
			isa = PBXGroup;
			children = (
				AD895B6C1BAC4E9300F6F638 /* ColorPicker.swift */,
				AD895B6D1BAC4E9300F6F638 /* ColorPicker.xib */,
			);
			name = ColorPicker;
			sourceTree = "<group>";
		};
		AD895B701BAE3CE900F6F638 /* Multi-Peer */ = {
			isa = PBXGroup;
			children = (
				AD895B711BAE3CF800F6F638 /* MPCManager.swift */,
			);
			name = "Multi-Peer";
			sourceTree = "<group>";
		};
		AD895BA61BAEE20C00F6F638 /* DataDisplay */ = {
			isa = PBXGroup;
			children = (
				AD895BA71BAEE22700F6F638 /* DataDisplay.swift */,
				AD895BA81BAEE22700F6F638 /* DataDisplay.xib */,
				AD6842D31BBEE1BC007F4319 /* DataDisplayFunctions.swift */,
				AD6842DD1BBF0FA7007F4319 /* SectionView.swift */,
				AD6842E31BBF1DC0007F4319 /* RunPassBar.swift */,
			);
			name = DataDisplay;
			sourceTree = "<group>";
		};
		AD895BAB1BAEE24500F6F638 /* PeerPicker */ = {
			isa = PBXGroup;
			children = (
				AD895BAC1BAEE26100F6F638 /* PeerPicker.swift */,
				AD895BAD1BAEE26100F6F638 /* PeerPicker.xib */,
			);
			name = PeerPicker;
			sourceTree = "<group>";
		};
		ADA927A91B8F3A0400DA4B8E /* LogTables */ = {
			isa = PBXGroup;
			children = (
				AD895B351BAA8AD200F6F638 /* Plays */,
				AD895B301BAA666C00F6F638 /* Sequence */,
				AD895B3A1BAC0DD200F6F638 /* Penalties */,
			);
			name = LogTables;
			sourceTree = "<group>";
		};
		ADB8F9221B9D5D9D0049BDF0 /* Popovers */ = {
			isa = PBXGroup;
			children = (
				ADB8F9371B9D84810049BDF0 /* Play */,
			);
			name = Popovers;
			sourceTree = "<group>";
		};
		ADB8F9371B9D84810049BDF0 /* Play */ = {
			isa = PBXGroup;
			children = (
				ADB8F92D1B9D6D500049BDF0 /* PlayPOP.swift */,
				ADB8F92E1B9D6D500049BDF0 /* PlayPOP.xib */,
				ADB8F9311B9D6EB00049BDF0 /* PlayNumberSelector.swift */,
				ADB8F9331B9D6F230049BDF0 /* PlayKeySelectorOLD.swift */,
			);
			name = Play;
			sourceTree = "<group>";
		};
		ADB8F9451B9D996B0049BDF0 /* Components */ = {
			isa = PBXGroup;
			children = (
				AD6842491BB3D926007F4319 /* Stats */,
				AD895BAB1BAEE24500F6F638 /* PeerPicker */,
				AD895BA61BAEE20C00F6F638 /* DataDisplay */,
				AD895B6B1BAC4E7D00F6F638 /* ColorPicker */,
				ADB8F9691BA3952F0049BDF0 /* Roster */,
				ADB8F9641BA2D6F10049BDF0 /* GameEdit */,
				ADB8F95F1BA293200049BDF0 /* TeamEdit */,
				ADB8F9461B9D997C0049BDF0 /* KeySelector */,
				AD879AFB1B8D5A63002C96CA /* NumberSelector */,
			);
			name = Components;
			sourceTree = "<group>";
		};
		ADB8F9461B9D997C0049BDF0 /* KeySelector */ = {
			isa = PBXGroup;
			children = (
				ADB8F9481B9D9A720049BDF0 /* KeySelector.xib */,
				ADB8F9471B9D9A720049BDF0 /* KeySelector.swift */,
			);
			name = KeySelector;
			sourceTree = "<group>";
		};
		ADB8F94B1BA135F10049BDF0 /* Tools */ = {
			isa = PBXGroup;
			children = (
				ADB8F95D1BA28D820049BDF0 /* Loading.swift */,
				AD6842A21BB8151F007F4319 /* CodeTools.swift */,
				AD6842A61BB829BB007F4319 /* Helpers.swift */,
				AD06DE471BC196CD0080B608 /* Thread.swift */,
			);
			name = Tools;
			sourceTree = "<group>";
		};
		ADB8F9541BA27EB60049BDF0 /* Main */ = {
			isa = PBXGroup;
			children = (
				ADB8F9551BA27ECD0049BDF0 /* MainCTRL.swift */,
				AD895B3F1BAC1E8300F6F638 /* Teams */,
				AD895B401BAC1E8D00F6F638 /* Games */,
			);
			name = Main;
			sourceTree = "<group>";
		};
		ADB8F95F1BA293200049BDF0 /* TeamEdit */ = {
			isa = PBXGroup;
			children = (
				ADB8F9601BA2935C0049BDF0 /* TeamEdit.swift */,
				ADB8F9611BA2935C0049BDF0 /* TeamEdit.xib */,
			);
			name = TeamEdit;
			sourceTree = "<group>";
		};
		ADB8F9641BA2D6F10049BDF0 /* GameEdit */ = {
			isa = PBXGroup;
			children = (
				ADB8F9651BA2D7080049BDF0 /* GameEdit.swift */,
				ADB8F9661BA2D7080049BDF0 /* GameEdit.xib */,
			);
			name = GameEdit;
			sourceTree = "<group>";
		};
		ADB8F9691BA3952F0049BDF0 /* Roster */ = {
			isa = PBXGroup;
			children = (
			);
			name = Roster;
			sourceTree = "<group>";
		};
		ADBE774B1BA7CEA60057FD0D /* DB */ = {
			isa = PBXGroup;
			children = (
				ADB8F95B1BA2815D0049BDF0 /* DB.swift */,
				ADB8F9351B9D72B90049BDF0 /* Player.swift */,
				ADBE774C1BA7EBB80057FD0D /* Team.swift */,
				AD6842B41BBC4464007F4319 /* TeamHelpers.swift */,
				ADBE774E1BA7EE0F0057FD0D /* Game.swift */,
				AD6842B21BBB291B007F4319 /* GameHelpers.swift */,
				ADBE77501BA7F0720057FD0D /* Play.swift */,
				ADA927AA1B8F3A1900DA4B8E /* Sequence.swift */,
				AD895B2B1BAA466200F6F638 /* Penalty.swift */,
			);
			name = DB;
			sourceTree = "<group>";
		};
		EADBDD7131EBF9B8ED736B23 /* Pods */ = {
			isa = PBXGroup;
			children = (
				39D33C1083B8540B6CEB271B /* Pods-stats-football.debug.xcconfig */,
				CC07A1E0985B5649009E1AAC /* Pods-stats-football.release.xcconfig */,
			);
			name = Pods;
			sourceTree = "<group>";
		};
		F95AA160E23759974BF85916 /* Frameworks */ = {
			isa = PBXGroup;
			children = (
				139C0BD1F20EF3EAB56E4E21 /* Pods_stats_football.framework */,
			);
			name = Frameworks;
			sourceTree = "<group>";
		};
/* End PBXGroup section */

/* Begin PBXNativeTarget section */
		AD879AC41B8C2979002C96CA /* stats-football */ = {
			isa = PBXNativeTarget;
			buildConfigurationList = AD879AE71B8C2979002C96CA /* Build configuration list for PBXNativeTarget "stats-football" */;
			buildPhases = (
				ED8CB553EEDAEF6A436115A7 /* Check Pods Manifest.lock */,
				AD879AC11B8C2979002C96CA /* Sources */,
				AD879AC21B8C2979002C96CA /* Frameworks */,
				AD879AC31B8C2979002C96CA /* Resources */,
				4BCEF386D4FF734BA151B65D /* Embed Pods Frameworks */,
				B66AEE378245A6DBB467F110 /* Copy Pods Resources */,
			);
			buildRules = (
			);
			dependencies = (
			);
			name = "stats-football";
			productName = "stats-football";
			productReference = AD879AC51B8C2979002C96CA /* stats-football.app */;
			productType = "com.apple.product-type.application";
		};
		AD879ADC1B8C2979002C96CA /* stats-footballTests */ = {
			isa = PBXNativeTarget;
			buildConfigurationList = AD879AEA1B8C2979002C96CA /* Build configuration list for PBXNativeTarget "stats-footballTests" */;
			buildPhases = (
				AD879AD91B8C2979002C96CA /* Sources */,
				AD879ADA1B8C2979002C96CA /* Frameworks */,
				AD879ADB1B8C2979002C96CA /* Resources */,
			);
			buildRules = (
			);
			dependencies = (
				AD879ADF1B8C2979002C96CA /* PBXTargetDependency */,
			);
			name = "stats-footballTests";
			productName = "stats-footballTests";
			productReference = AD879ADD1B8C2979002C96CA /* stats-footballTests.xctest */;
			productType = "com.apple.product-type.bundle.unit-test";
		};
/* End PBXNativeTarget section */

/* Begin PBXProject section */
		AD879ABD1B8C2979002C96CA /* Project object */ = {
			isa = PBXProject;
			attributes = {
				LastUpgradeCheck = 0640;
				ORGANIZATIONNAME = Wambl;
				TargetAttributes = {
					AD879AC41B8C2979002C96CA = {
						CreatedOnToolsVersion = 6.4;
					};
					AD879ADC1B8C2979002C96CA = {
						CreatedOnToolsVersion = 6.4;
						TestTargetID = AD879AC41B8C2979002C96CA;
					};
				};
			};
			buildConfigurationList = AD879AC01B8C2979002C96CA /* Build configuration list for PBXProject "stats-football" */;
			compatibilityVersion = "Xcode 3.2";
			developmentRegion = English;
			hasScannedForEncodings = 0;
			knownRegions = (
				en,
				Base,
			);
			mainGroup = AD879ABC1B8C2979002C96CA;
			productRefGroup = AD879AC61B8C2979002C96CA /* Products */;
			projectDirPath = "";
			projectRoot = "";
			targets = (
				AD879AC41B8C2979002C96CA /* stats-football */,
				AD879ADC1B8C2979002C96CA /* stats-footballTests */,
			);
		};
/* End PBXProject section */

/* Begin PBXResourcesBuildPhase section */
		AD879AC31B8C2979002C96CA /* Resources */ = {
			isa = PBXResourcesBuildPhase;
			buildActionMask = 2147483647;
			files = (
				AD879AD31B8C2979002C96CA /* Main.storyboard in Resources */,
				AD895BAA1BAEE22700F6F638 /* DataDisplay.xib in Resources */,
				AD895B481BAC1F0500F6F638 /* TeamDetail.xib in Resources */,
				AD895B3E1BAC0DFB00F6F638 /* PenaltyCell.xib in Resources */,
				AD6842BA1BBC7A0D007F4319 /* RushingCell.xib in Resources */,
				ADFDBA4E1BB24A3600F5572D /* Tracker.xib in Resources */,
				AD895B4C1BAC211B00F6F638 /* PlayerEdit.xib in Resources */,
				ADB8F9631BA2935C0049BDF0 /* TeamEdit.xib in Resources */,
				AD895B6F1BAC4E9300F6F638 /* ColorPicker.xib in Resources */,
				ADB8F9301B9D6D500049BDF0 /* PlayPOP.xib in Resources */,
				AD879AD81B8C2979002C96CA /* LaunchScreen.xib in Resources */,
				AD6842551BB5A268007F4319 /* StatsDisplay.xib in Resources */,
				AD6842CA1BBDE2A6007F4319 /* PuntReturnCell.xib in Resources */,
				AD895BAF1BAEE26100F6F638 /* PeerPicker.xib in Resources */,
				ADFDBA4C1BB152B000F5572D /* SequenceCell.xib in Resources */,
				ADB8F9681BA2D7080049BDF0 /* GameEdit.xib in Resources */,
				ADB8F94A1B9D9A720049BDF0 /* KeySelector.xib in Resources */,
				ADB8F9441B9D95750049BDF0 /* NumberSelector.xib in Resources */,
				AD68425C1BB5A46A007F4319 /* PassingCell.xib in Resources */,
				AD879AD51B8C2979002C96CA /* Images.xcassets in Resources */,
				AD6842C11BBCA734007F4319 /* ReceivingCell.xib in Resources */,
				AD895B391BAA8AEC00F6F638 /* PlayCell.xib in Resources */,
			);
			runOnlyForDeploymentPostprocessing = 0;
		};
		AD879ADB1B8C2979002C96CA /* Resources */ = {
			isa = PBXResourcesBuildPhase;
			buildActionMask = 2147483647;
			files = (
			);
			runOnlyForDeploymentPostprocessing = 0;
		};
/* End PBXResourcesBuildPhase section */

/* Begin PBXShellScriptBuildPhase section */
		4BCEF386D4FF734BA151B65D /* Embed Pods Frameworks */ = {
			isa = PBXShellScriptBuildPhase;
			buildActionMask = 2147483647;
			files = (
			);
			inputPaths = (
			);
			name = "Embed Pods Frameworks";
			outputPaths = (
			);
			runOnlyForDeploymentPostprocessing = 0;
			shellPath = /bin/sh;
			shellScript = "\"${SRCROOT}/Pods/Target Support Files/Pods-stats-football/Pods-stats-football-frameworks.sh\"\n";
			showEnvVarsInLog = 0;
		};
		B66AEE378245A6DBB467F110 /* Copy Pods Resources */ = {
			isa = PBXShellScriptBuildPhase;
			buildActionMask = 2147483647;
			files = (
			);
			inputPaths = (
			);
			name = "Copy Pods Resources";
			outputPaths = (
			);
			runOnlyForDeploymentPostprocessing = 0;
			shellPath = /bin/sh;
			shellScript = "\"${SRCROOT}/Pods/Target Support Files/Pods-stats-football/Pods-stats-football-resources.sh\"\n";
			showEnvVarsInLog = 0;
		};
		ED8CB553EEDAEF6A436115A7 /* Check Pods Manifest.lock */ = {
			isa = PBXShellScriptBuildPhase;
			buildActionMask = 2147483647;
			files = (
			);
			inputPaths = (
			);
			name = "Check Pods Manifest.lock";
			outputPaths = (
			);
			runOnlyForDeploymentPostprocessing = 0;
			shellPath = /bin/sh;
			shellScript = "diff \"${PODS_ROOT}/../Podfile.lock\" \"${PODS_ROOT}/Manifest.lock\" > /dev/null\nif [[ $? != 0 ]] ; then\n    cat << EOM\nerror: The sandbox is not in sync with the Podfile.lock. Run 'pod install' or update your CocoaPods installation.\nEOM\n    exit 1\nfi\n";
			showEnvVarsInLog = 0;
		};
/* End PBXShellScriptBuildPhase section */

/* Begin PBXSourcesBuildPhase section */
		AD879AC11B8C2979002C96CA /* Sources */ = {
			isa = PBXSourcesBuildPhase;
			buildActionMask = 2147483647;
			files = (
				AD879B091B8EE778002C96CA /* Playlog.swift in Sources */,
				AD68425E1BB5B198007F4319 /* Stat.swift in Sources */,
				AD6842E41BBF1DC0007F4319 /* RunPassBar.swift in Sources */,
				AD63F54F1BB03CAD00BD6C9D /* Stats.swift in Sources */,
				ADB8F9621BA2935C0049BDF0 /* TeamEdit.swift in Sources */,
				AD1F8DAF1B991D7D001A6C52 /* FirstDownMKR.swift in Sources */,
				AD895B721BAE3CF800F6F638 /* MPCManager.swift in Sources */,
				AD6842481BB3B82E007F4319 /* PlayerStats.swift in Sources */,
				ADB8F9211B9D440D0049BDF0 /* PenaltyMKR.swift in Sources */,
				AD6842A91BB863B1007F4319 /* DrawButtons.swift in Sources */,
				AD6842A51BB82426007F4319 /* TrackerFunctions.swift in Sources */,
				AD6842A11BB81301007F4319 /* Enums.swift in Sources */,
				AD68429F1BB80C8E007F4319 /* TrackerHelpers.swift in Sources */,
				AD6842C31BBCA754007F4319 /* ReceivingTBL.swift in Sources */,
				AD6842C61BBDE277007F4319 /* PuntReturnTBL.swift in Sources */,
				AD06DE481BC196CD0080B608 /* Thread.swift in Sources */,
				AD895B4B1BAC211B00F6F638 /* PlayerEdit.swift in Sources */,
				AD68429B1BB809FE007F4319 /* Yardline.swift in Sources */,
				AD6842D41BBEE1BC007F4319 /* DataDisplayFunctions.swift in Sources */,
				AD6842DE1BBF0FA7007F4319 /* SectionView.swift in Sources */,
				AD895B2F1BAA4EB200F6F638 /* PenaltyBTN.swift in Sources */,
				AD1F8DA61B94FD5B001A6C52 /* BallBTN.swift in Sources */,
				AD6842AF1BB9B923007F4319 /* Penalty2Tapped.swift in Sources */,
				AD6842AD1BB86AE2007F4319 /* Button2Tapped.swift in Sources */,
				ADBE774D1BA7EBB80057FD0D /* Team.swift in Sources */,
				AD1F8DA41B8F7145001A6C52 /* PlayTBL.swift in Sources */,
				AD895B381BAA8AEC00F6F638 /* PlayCell.swift in Sources */,
				ADA927AB1B8F3A1900DA4B8E /* Sequence.swift in Sources */,
				AD6842B91BBC7A0D007F4319 /* RushingCell.swift in Sources */,
				AD6842541BB5A268007F4319 /* StatsDisplay.swift in Sources */,
				ADB8F9361B9D72B90049BDF0 /* Player.swift in Sources */,
				AD6842BC1BBC7D20007F4319 /* RushingTBL.swift in Sources */,
				AD1F8DAA1B96632E001A6C52 /* SubBTN.swift in Sources */,
				AD1F8DA21B8F6B31001A6C52 /* SequenceTBL.swift in Sources */,
				ADB8F95A1BA281110049BDF0 /* GamesTBL.swift in Sources */,
				ADB8F94F1BA15C2A0049BDF0 /* Filters.swift in Sources */,
				AD895BA91BAEE22700F6F638 /* DataDisplay.swift in Sources */,
				ADBE774F1BA7EE0F0057FD0D /* Game.swift in Sources */,
				ADBE774A1BA693F70057FD0D /* PenaltyTBL.swift in Sources */,
				AD879AD01B8C2979002C96CA /* Tracker.swift in Sources */,
				AD895B3D1BAC0DFB00F6F638 /* PenaltyCell.swift in Sources */,
				AD6842B51BBC4464007F4319 /* TeamHelpers.swift in Sources */,
				AD6842C01BBCA734007F4319 /* ReceivingCell.swift in Sources */,
				AD68425B1BB5A46A007F4319 /* PassingCell.swift in Sources */,
				AD6842A71BB829BB007F4319 /* Helpers.swift in Sources */,
				ADB8F9321B9D6EB10049BDF0 /* PlayNumberSelector.swift in Sources */,
				AD68429D1BB80A16007F4319 /* TrackerIB.swift in Sources */,
				AD68424B1BB3DB56007F4319 /* Score.swift in Sources */,
				ADB8F92F1B9D6D500049BDF0 /* PlayPOP.swift in Sources */,
				ADB8F9491B9D9A720049BDF0 /* KeySelector.swift in Sources */,
				AD6842C91BBDE2A6007F4319 /* PuntReturnCell.swift in Sources */,
				AD895B6E1BAC4E9300F6F638 /* ColorPicker.swift in Sources */,
				AD879B0E1B8F1930002C96CA /* PlaykeyTBL.swift in Sources */,
				ADBE77511BA7F0720057FD0D /* Play.swift in Sources */,
				AD1F8DA81B9514BD001A6C52 /* PointBTN.swift in Sources */,
				AD6842B11BB9CD33007F4319 /* NextFilter.swift in Sources */,
				ADB8F95C1BA2815D0049BDF0 /* DB.swift in Sources */,
				ADB8F9581BA280870049BDF0 /* TeamsTBL.swift in Sources */,
				ADB8F95E1BA28D820049BDF0 /* Loading.swift in Sources */,
				AD895B471BAC1F0500F6F638 /* TeamDetail.swift in Sources */,
				AD895B2C1BAA466200F6F638 /* Penalty.swift in Sources */,
				ADB8F9671BA2D7080049BDF0 /* GameEdit.swift in Sources */,
				AD879B041B8E9E04002C96CA /* Field.swift in Sources */,
				ADB8F9431B9D95750049BDF0 /* NumberSelector.swift in Sources */,
				AD6842A31BB8151F007F4319 /* CodeTools.swift in Sources */,
				ADB8F9341B9D6F230049BDF0 /* PlayKeySelectorOLD.swift in Sources */,
				AD6842581BB5A354007F4319 /* PassingTBL.swift in Sources */,
				AD6842AB1BB863E8007F4319 /* ButtonDragged.swift in Sources */,
				AD6842CD1BBDFB15007F4319 /* TrackerMPC.swift in Sources */,
				AD879B061B8EBF32002C96CA /* LineMKR.swift in Sources */,
				AD6842B31BBB291B007F4319 /* GameHelpers.swift in Sources */,
				AD879ACE1B8C2979002C96CA /* stats_football.xcdatamodeld in Sources */,
				AD879ACB1B8C2979002C96CA /* AppDelegate.swift in Sources */,
				AD895BAE1BAEE26100F6F638 /* PeerPicker.swift in Sources */,
				AD6842D01BBEDDEA007F4319 /* Settings.swift in Sources */,
				ADB8F9561BA27ECD0049BDF0 /* MainCTRL.swift in Sources */,
				ADFDBA4B1BB152B000F5572D /* SequenceCell.swift in Sources */,
			);
			runOnlyForDeploymentPostprocessing = 0;
		};
		AD879AD91B8C2979002C96CA /* Sources */ = {
			isa = PBXSourcesBuildPhase;
			buildActionMask = 2147483647;
			files = (
				AD879AE41B8C2979002C96CA /* stats_footballTests.swift in Sources */,
			);
			runOnlyForDeploymentPostprocessing = 0;
		};
/* End PBXSourcesBuildPhase section */

/* Begin PBXTargetDependency section */
		AD879ADF1B8C2979002C96CA /* PBXTargetDependency */ = {
			isa = PBXTargetDependency;
			target = AD879AC41B8C2979002C96CA /* stats-football */;
			targetProxy = AD879ADE1B8C2979002C96CA /* PBXContainerItemProxy */;
		};
/* End PBXTargetDependency section */

/* Begin PBXVariantGroup section */
		AD879AD11B8C2979002C96CA /* Main.storyboard */ = {
			isa = PBXVariantGroup;
			children = (
				AD879AD21B8C2979002C96CA /* Base */,
			);
			name = Main.storyboard;
			sourceTree = "<group>";
		};
		AD879AD61B8C2979002C96CA /* LaunchScreen.xib */ = {
			isa = PBXVariantGroup;
			children = (
				AD879AD71B8C2979002C96CA /* Base */,
			);
			name = LaunchScreen.xib;
			sourceTree = "<group>";
		};
/* End PBXVariantGroup section */

/* Begin XCBuildConfiguration section */
		AD879AE51B8C2979002C96CA /* Debug */ = {
			isa = XCBuildConfiguration;
			buildSettings = {
				ALWAYS_SEARCH_USER_PATHS = NO;
				CLANG_CXX_LANGUAGE_STANDARD = "gnu++0x";
				CLANG_CXX_LIBRARY = "libc++";
				CLANG_ENABLE_MODULES = YES;
				CLANG_ENABLE_OBJC_ARC = YES;
				CLANG_WARN_BOOL_CONVERSION = YES;
				CLANG_WARN_CONSTANT_CONVERSION = YES;
				CLANG_WARN_DIRECT_OBJC_ISA_USAGE = YES_ERROR;
				CLANG_WARN_EMPTY_BODY = YES;
				CLANG_WARN_ENUM_CONVERSION = YES;
				CLANG_WARN_INT_CONVERSION = YES;
				CLANG_WARN_OBJC_ROOT_CLASS = YES_ERROR;
				CLANG_WARN_UNREACHABLE_CODE = YES;
				CLANG_WARN__DUPLICATE_METHOD_MATCH = YES;
				"CODE_SIGN_IDENTITY[sdk=iphoneos*]" = "iPhone Developer";
				COPY_PHASE_STRIP = NO;
				DEBUG_INFORMATION_FORMAT = "dwarf-with-dsym";
				ENABLE_STRICT_OBJC_MSGSEND = YES;
				GCC_C_LANGUAGE_STANDARD = gnu99;
				GCC_DYNAMIC_NO_PIC = NO;
				GCC_NO_COMMON_BLOCKS = YES;
				GCC_OPTIMIZATION_LEVEL = 0;
				GCC_PREPROCESSOR_DEFINITIONS = (
					"DEBUG=1",
					"$(inherited)",
				);
				GCC_SYMBOLS_PRIVATE_EXTERN = NO;
				GCC_WARN_64_TO_32_BIT_CONVERSION = YES;
				GCC_WARN_ABOUT_RETURN_TYPE = YES_ERROR;
				GCC_WARN_UNDECLARED_SELECTOR = YES;
				GCC_WARN_UNINITIALIZED_AUTOS = YES_AGGRESSIVE;
				GCC_WARN_UNUSED_FUNCTION = YES;
				GCC_WARN_UNUSED_VARIABLE = YES;
				IPHONEOS_DEPLOYMENT_TARGET = 8.4;
				MTL_ENABLE_DEBUG_INFO = YES;
				ONLY_ACTIVE_ARCH = YES;
				SDKROOT = iphoneos;
				SWIFT_OPTIMIZATION_LEVEL = "-Onone";
				TARGETED_DEVICE_FAMILY = 2;
			};
			name = Debug;
		};
		AD879AE61B8C2979002C96CA /* Release */ = {
			isa = XCBuildConfiguration;
			buildSettings = {
				ALWAYS_SEARCH_USER_PATHS = NO;
				CLANG_CXX_LANGUAGE_STANDARD = "gnu++0x";
				CLANG_CXX_LIBRARY = "libc++";
				CLANG_ENABLE_MODULES = YES;
				CLANG_ENABLE_OBJC_ARC = YES;
				CLANG_WARN_BOOL_CONVERSION = YES;
				CLANG_WARN_CONSTANT_CONVERSION = YES;
				CLANG_WARN_DIRECT_OBJC_ISA_USAGE = YES_ERROR;
				CLANG_WARN_EMPTY_BODY = YES;
				CLANG_WARN_ENUM_CONVERSION = YES;
				CLANG_WARN_INT_CONVERSION = YES;
				CLANG_WARN_OBJC_ROOT_CLASS = YES_ERROR;
				CLANG_WARN_UNREACHABLE_CODE = YES;
				CLANG_WARN__DUPLICATE_METHOD_MATCH = YES;
				"CODE_SIGN_IDENTITY[sdk=iphoneos*]" = "iPhone Developer";
				COPY_PHASE_STRIP = NO;
				DEBUG_INFORMATION_FORMAT = "dwarf-with-dsym";
				ENABLE_NS_ASSERTIONS = NO;
				ENABLE_STRICT_OBJC_MSGSEND = YES;
				GCC_C_LANGUAGE_STANDARD = gnu99;
				GCC_NO_COMMON_BLOCKS = YES;
				GCC_WARN_64_TO_32_BIT_CONVERSION = YES;
				GCC_WARN_ABOUT_RETURN_TYPE = YES_ERROR;
				GCC_WARN_UNDECLARED_SELECTOR = YES;
				GCC_WARN_UNINITIALIZED_AUTOS = YES_AGGRESSIVE;
				GCC_WARN_UNUSED_FUNCTION = YES;
				GCC_WARN_UNUSED_VARIABLE = YES;
				IPHONEOS_DEPLOYMENT_TARGET = 8.4;
				MTL_ENABLE_DEBUG_INFO = NO;
				SDKROOT = iphoneos;
				TARGETED_DEVICE_FAMILY = 2;
				VALIDATE_PRODUCT = YES;
			};
			name = Release;
		};
		AD879AE81B8C2979002C96CA /* Debug */ = {
			isa = XCBuildConfiguration;
			baseConfigurationReference = 39D33C1083B8540B6CEB271B /* Pods-stats-football.debug.xcconfig */;
			buildSettings = {
				ASSETCATALOG_COMPILER_APPICON_NAME = AppIcon;
				ASSETCATALOG_COMPILER_LAUNCHIMAGE_NAME = LaunchImage;
				INFOPLIST_FILE = "stats-football/Info.plist";
				IPHONEOS_DEPLOYMENT_TARGET = 8.0;
				LD_RUNPATH_SEARCH_PATHS = "$(inherited) @executable_path/Frameworks";
				PRODUCT_NAME = "$(TARGET_NAME)";
			};
			name = Debug;
		};
		AD879AE91B8C2979002C96CA /* Release */ = {
			isa = XCBuildConfiguration;
			baseConfigurationReference = CC07A1E0985B5649009E1AAC /* Pods-stats-football.release.xcconfig */;
			buildSettings = {
				ASSETCATALOG_COMPILER_APPICON_NAME = AppIcon;
				ASSETCATALOG_COMPILER_LAUNCHIMAGE_NAME = LaunchImage;
				INFOPLIST_FILE = "stats-football/Info.plist";
				IPHONEOS_DEPLOYMENT_TARGET = 8.0;
				LD_RUNPATH_SEARCH_PATHS = "$(inherited) @executable_path/Frameworks";
				PRODUCT_NAME = "$(TARGET_NAME)";
			};
			name = Release;
		};
		AD879AEB1B8C2979002C96CA /* Debug */ = {
			isa = XCBuildConfiguration;
			buildSettings = {
				BUNDLE_LOADER = "$(TEST_HOST)";
				FRAMEWORK_SEARCH_PATHS = (
					"$(SDKROOT)/Developer/Library/Frameworks",
					"$(inherited)",
				);
				GCC_PREPROCESSOR_DEFINITIONS = (
					"DEBUG=1",
					"$(inherited)",
				);
				INFOPLIST_FILE = "stats-footballTests/Info.plist";
				LD_RUNPATH_SEARCH_PATHS = "$(inherited) @executable_path/Frameworks @loader_path/Frameworks";
				PRODUCT_NAME = "$(TARGET_NAME)";
				TEST_HOST = "$(BUILT_PRODUCTS_DIR)/stats-football.app/stats-football";
			};
			name = Debug;
		};
		AD879AEC1B8C2979002C96CA /* Release */ = {
			isa = XCBuildConfiguration;
			buildSettings = {
				BUNDLE_LOADER = "$(TEST_HOST)";
				FRAMEWORK_SEARCH_PATHS = (
					"$(SDKROOT)/Developer/Library/Frameworks",
					"$(inherited)",
				);
				INFOPLIST_FILE = "stats-footballTests/Info.plist";
				LD_RUNPATH_SEARCH_PATHS = "$(inherited) @executable_path/Frameworks @loader_path/Frameworks";
				PRODUCT_NAME = "$(TARGET_NAME)";
				TEST_HOST = "$(BUILT_PRODUCTS_DIR)/stats-football.app/stats-football";
			};
			name = Release;
		};
/* End XCBuildConfiguration section */

/* Begin XCConfigurationList section */
		AD879AC01B8C2979002C96CA /* Build configuration list for PBXProject "stats-football" */ = {
			isa = XCConfigurationList;
			buildConfigurations = (
				AD879AE51B8C2979002C96CA /* Debug */,
				AD879AE61B8C2979002C96CA /* Release */,
			);
			defaultConfigurationIsVisible = 0;
			defaultConfigurationName = Release;
		};
		AD879AE71B8C2979002C96CA /* Build configuration list for PBXNativeTarget "stats-football" */ = {
			isa = XCConfigurationList;
			buildConfigurations = (
				AD879AE81B8C2979002C96CA /* Debug */,
				AD879AE91B8C2979002C96CA /* Release */,
			);
			defaultConfigurationIsVisible = 0;
			defaultConfigurationName = Release;
		};
		AD879AEA1B8C2979002C96CA /* Build configuration list for PBXNativeTarget "stats-footballTests" */ = {
			isa = XCConfigurationList;
			buildConfigurations = (
				AD879AEB1B8C2979002C96CA /* Debug */,
				AD879AEC1B8C2979002C96CA /* Release */,
			);
			defaultConfigurationIsVisible = 0;
			defaultConfigurationName = Release;
		};
/* End XCConfigurationList section */

/* Begin XCVersionGroup section */
		AD879ACC1B8C2979002C96CA /* stats_football.xcdatamodeld */ = {
			isa = XCVersionGroup;
			children = (
				AD06DE491BC19E000080B608 /* stats_football_2.xcdatamodel */,
				AD879ACD1B8C2979002C96CA /* stats_football.xcdatamodel */,
			);
			currentVersion = AD879ACD1B8C2979002C96CA /* stats_football.xcdatamodel */;
			path = stats_football.xcdatamodeld;
			sourceTree = "<group>";
			versionGroupType = wrapper.xcdatamodel;
		};
/* End XCVersionGroup section */
	};
	rootObject = AD879ABD1B8C2979002C96CA /* Project object */;
}
